// !$*UTF8*$!
{
	archiveVersion = 1;
	classes = {
	};
	objectVersion = 46;
	objects = {

/* Begin PBXBuildFile section */
		A99F48501A1C63A200555323 /* main.m in Sources */ = {isa = PBXBuildFile; fileRef = A99F484F1A1C63A200555323 /* main.m */; };
		A99F48531A1C63A200555323 /* AppDelegate.m in Sources */ = {isa = PBXBuildFile; fileRef = A99F48521A1C63A200555323 /* AppDelegate.m */; };
		A99F48561A1C63A200555323 /* ViewController.m in Sources */ = {isa = PBXBuildFile; fileRef = A99F48551A1C63A200555323 /* ViewController.m */; };
		A99F48591A1C63A200555323 /* Main.storyboard in Resources */ = {isa = PBXBuildFile; fileRef = A99F48571A1C63A200555323 /* Main.storyboard */; };
		A99F485B1A1C63A200555323 /* Images.xcassets in Resources */ = {isa = PBXBuildFile; fileRef = A99F485A1A1C63A200555323 /* Images.xcassets */; };
		A99F485E1A1C63A200555323 /* LaunchScreen.xib in Resources */ = {isa = PBXBuildFile; fileRef = A99F485C1A1C63A200555323 /* LaunchScreen.xib */; };
		A99F486A1A1C63A200555323 /* AuthenticationDemoTests.m in Sources */ = {isa = PBXBuildFile; fileRef = A99F48691A1C63A200555323 /* AuthenticationDemoTests.m */; };
		A99F48841A1C63CE00555323 /* FacebookSDK.framework in Frameworks */ = {isa = PBXBuildFile; fileRef = A99F48741A1C63CE00555323 /* FacebookSDK.framework */; };
		A99F48851A1C63CE00555323 /* GoogleOpenSource.framework in Frameworks */ = {isa = PBXBuildFile; fileRef = A99F48751A1C63CE00555323 /* GoogleOpenSource.framework */; };
		A99F48861A1C63CE00555323 /* GooglePlus.framework in Frameworks */ = {isa = PBXBuildFile; fileRef = A99F48761A1C63CE00555323 /* GooglePlus.framework */; };
		A99F48871A1C63CE00555323 /* MVSocialFacebookAuthentication.m in Sources */ = {isa = PBXBuildFile; fileRef = A99F48791A1C63CE00555323 /* MVSocialFacebookAuthentication.m */; };
		A99F48881A1C63CE00555323 /* MVGooglePlusAuthentication.m in Sources */ = {isa = PBXBuildFile; fileRef = A99F487C1A1C63CE00555323 /* MVGooglePlusAuthentication.m */; };
		A99F48891A1C63CE00555323 /* MVSocialAuthObject.m in Sources */ = {isa = PBXBuildFile; fileRef = A99F487E1A1C63CE00555323 /* MVSocialAuthObject.m */; };
		A99F488A1A1C63CE00555323 /* MVSocialAuthViewController.m in Sources */ = {isa = PBXBuildFile; fileRef = A99F48801A1C63CE00555323 /* MVSocialAuthViewController.m */; };
		A99F488B1A1C63CE00555323 /* MVTwitterAuthentication.m in Sources */ = {isa = PBXBuildFile; fileRef = A99F48831A1C63CE00555323 /* MVTwitterAuthentication.m */; };
/* End PBXBuildFile section */

/* Begin PBXContainerItemProxy section */
		A99F48641A1C63A200555323 /* PBXContainerItemProxy */ = {
			isa = PBXContainerItemProxy;
			containerPortal = A99F48421A1C63A200555323 /* Project object */;
			proxyType = 1;
			remoteGlobalIDString = A99F48491A1C63A200555323;
			remoteInfo = AuthenticationDemo;
		};
/* End PBXContainerItemProxy section */

/* Begin PBXFileReference section */
		A99F484A1A1C63A200555323 /* AuthenticationDemo.app */ = {isa = PBXFileReference; explicitFileType = wrapper.application; includeInIndex = 0; path = AuthenticationDemo.app; sourceTree = BUILT_PRODUCTS_DIR; };
		A99F484E1A1C63A200555323 /* Info.plist */ = {isa = PBXFileReference; lastKnownFileType = text.plist.xml; path = Info.plist; sourceTree = "<group>"; };
		A99F484F1A1C63A200555323 /* main.m */ = {isa = PBXFileReference; lastKnownFileType = sourcecode.c.objc; path = main.m; sourceTree = "<group>"; };
		A99F48511A1C63A200555323 /* AppDelegate.h */ = {isa = PBXFileReference; lastKnownFileType = sourcecode.c.h; path = AppDelegate.h; sourceTree = "<group>"; };
		A99F48521A1C63A200555323 /* AppDelegate.m */ = {isa = PBXFileReference; lastKnownFileType = sourcecode.c.objc; path = AppDelegate.m; sourceTree = "<group>"; };
		A99F48541A1C63A200555323 /* ViewController.h */ = {isa = PBXFileReference; lastKnownFileType = sourcecode.c.h; path = ViewController.h; sourceTree = "<group>"; };
		A99F48551A1C63A200555323 /* ViewController.m */ = {isa = PBXFileReference; lastKnownFileType = sourcecode.c.objc; path = ViewController.m; sourceTree = "<group>"; };
		A99F48581A1C63A200555323 /* Base */ = {isa = PBXFileReference; lastKnownFileType = file.storyboard; name = Base; path = Base.lproj/Main.storyboard; sourceTree = "<group>"; };
		A99F485A1A1C63A200555323 /* Images.xcassets */ = {isa = PBXFileReference; lastKnownFileType = folder.assetcatalog; path = Images.xcassets; sourceTree = "<group>"; };
		A99F485D1A1C63A200555323 /* Base */ = {isa = PBXFileReference; lastKnownFileType = file.xib; name = Base; path = Base.lproj/LaunchScreen.xib; sourceTree = "<group>"; };
		A99F48631A1C63A200555323 /* AuthenticationDemoTests.xctest */ = {isa = PBXFileReference; explicitFileType = wrapper.cfbundle; includeInIndex = 0; path = AuthenticationDemoTests.xctest; sourceTree = BUILT_PRODUCTS_DIR; };
		A99F48681A1C63A200555323 /* Info.plist */ = {isa = PBXFileReference; lastKnownFileType = text.plist.xml; path = Info.plist; sourceTree = "<group>"; };
		A99F48691A1C63A200555323 /* AuthenticationDemoTests.m */ = {isa = PBXFileReference; lastKnownFileType = sourcecode.c.objc; path = AuthenticationDemoTests.m; sourceTree = "<group>"; };
		A99F48741A1C63CE00555323 /* FacebookSDK.framework */ = {isa = PBXFileReference; lastKnownFileType = wrapper.framework; path = FacebookSDK.framework; sourceTree = "<group>"; };
		A99F48751A1C63CE00555323 /* GoogleOpenSource.framework */ = {isa = PBXFileReference; lastKnownFileType = wrapper.framework; path = GoogleOpenSource.framework; sourceTree = "<group>"; };
		A99F48761A1C63CE00555323 /* GooglePlus.framework */ = {isa = PBXFileReference; lastKnownFileType = wrapper.framework; path = GooglePlus.framework; sourceTree = "<group>"; };
		A99F48781A1C63CE00555323 /* MVSocialFacebookAuthentication.h */ = {isa = PBXFileReference; fileEncoding = 4; lastKnownFileType = sourcecode.c.h; path = MVSocialFacebookAuthentication.h; sourceTree = "<group>"; };
		A99F48791A1C63CE00555323 /* MVSocialFacebookAuthentication.m */ = {isa = PBXFileReference; fileEncoding = 4; lastKnownFileType = sourcecode.c.objc; path = MVSocialFacebookAuthentication.m; sourceTree = "<group>"; };
		A99F487B1A1C63CE00555323 /* MVGooglePlusAuthentication.h */ = {isa = PBXFileReference; fileEncoding = 4; lastKnownFileType = sourcecode.c.h; path = MVGooglePlusAuthentication.h; sourceTree = "<group>"; };
		A99F487C1A1C63CE00555323 /* MVGooglePlusAuthentication.m */ = {isa = PBXFileReference; fileEncoding = 4; lastKnownFileType = sourcecode.c.objc; path = MVGooglePlusAuthentication.m; sourceTree = "<group>"; };
		A99F487D1A1C63CE00555323 /* MVSocialAuthObject.h */ = {isa = PBXFileReference; fileEncoding = 4; lastKnownFileType = sourcecode.c.h; path = MVSocialAuthObject.h; sourceTree = "<group>"; };
		A99F487E1A1C63CE00555323 /* MVSocialAuthObject.m */ = {isa = PBXFileReference; fileEncoding = 4; lastKnownFileType = sourcecode.c.objc; path = MVSocialAuthObject.m; sourceTree = "<group>"; };
		A99F487F1A1C63CE00555323 /* MVSocialAuthViewController.h */ = {isa = PBXFileReference; fileEncoding = 4; lastKnownFileType = sourcecode.c.h; path = MVSocialAuthViewController.h; sourceTree = "<group>"; };
		A99F48801A1C63CE00555323 /* MVSocialAuthViewController.m */ = {isa = PBXFileReference; fileEncoding = 4; lastKnownFileType = sourcecode.c.objc; path = MVSocialAuthViewController.m; sourceTree = "<group>"; };
		A99F48821A1C63CE00555323 /* MVTwitterAuthentication.h */ = {isa = PBXFileReference; fileEncoding = 4; lastKnownFileType = sourcecode.c.h; path = MVTwitterAuthentication.h; sourceTree = "<group>"; };
		A99F48831A1C63CE00555323 /* MVTwitterAuthentication.m */ = {isa = PBXFileReference; fileEncoding = 4; lastKnownFileType = sourcecode.c.objc; path = MVTwitterAuthentication.m; sourceTree = "<group>"; };
/* End PBXFileReference section */

/* Begin PBXFrameworksBuildPhase section */
		A99F48471A1C63A200555323 /* Frameworks */ = {
			isa = PBXFrameworksBuildPhase;
			buildActionMask = 2147483647;
			files = (
				A99F48851A1C63CE00555323 /* GoogleOpenSource.framework in Frameworks */,
				A99F48861A1C63CE00555323 /* GooglePlus.framework in Frameworks */,
				A99F48841A1C63CE00555323 /* FacebookSDK.framework in Frameworks */,
			);
			runOnlyForDeploymentPostprocessing = 0;
		};
		A99F48601A1C63A200555323 /* Frameworks */ = {
			isa = PBXFrameworksBuildPhase;
			buildActionMask = 2147483647;
			files = (
			);
			runOnlyForDeploymentPostprocessing = 0;
		};
/* End PBXFrameworksBuildPhase section */

/* Begin PBXGroup section */
		A99F48411A1C63A200555323 = {
			isa = PBXGroup;
			children = (
				A99F484C1A1C63A200555323 /* AuthenticationDemo */,
				A99F48661A1C63A200555323 /* AuthenticationDemoTests */,
				A99F484B1A1C63A200555323 /* Products */,
			);
			sourceTree = "<group>";
		};
		A99F484B1A1C63A200555323 /* Products */ = {
			isa = PBXGroup;
			children = (
				A99F484A1A1C63A200555323 /* AuthenticationDemo.app */,
				A99F48631A1C63A200555323 /* AuthenticationDemoTests.xctest */,
			);
			name = Products;
			sourceTree = "<group>";
		};
		A99F484C1A1C63A200555323 /* AuthenticationDemo */ = {
			isa = PBXGroup;
			children = (
				A99F48731A1C63CE00555323 /* MVSocialAuthentiaction */,
				A99F48511A1C63A200555323 /* AppDelegate.h */,
				A99F48521A1C63A200555323 /* AppDelegate.m */,
				A99F48541A1C63A200555323 /* ViewController.h */,
				A99F48551A1C63A200555323 /* ViewController.m */,
				A99F48571A1C63A200555323 /* Main.storyboard */,
				A99F485A1A1C63A200555323 /* Images.xcassets */,
				A99F485C1A1C63A200555323 /* LaunchScreen.xib */,
				A99F484D1A1C63A200555323 /* Supporting Files */,
			);
			path = AuthenticationDemo;
			sourceTree = "<group>";
		};
		A99F484D1A1C63A200555323 /* Supporting Files */ = {
			isa = PBXGroup;
			children = (
				A99F484E1A1C63A200555323 /* Info.plist */,
				A99F484F1A1C63A200555323 /* main.m */,
			);
			name = "Supporting Files";
			sourceTree = "<group>";
		};
		A99F48661A1C63A200555323 /* AuthenticationDemoTests */ = {
			isa = PBXGroup;
			children = (
				A99F48691A1C63A200555323 /* AuthenticationDemoTests.m */,
				A99F48671A1C63A200555323 /* Supporting Files */,
			);
			path = AuthenticationDemoTests;
			sourceTree = "<group>";
		};
		A99F48671A1C63A200555323 /* Supporting Files */ = {
			isa = PBXGroup;
			children = (
				A99F48681A1C63A200555323 /* Info.plist */,
			);
			name = "Supporting Files";
			sourceTree = "<group>";
		};
		A99F48731A1C63CE00555323 /* MVSocialAuthentiaction */ = {
			isa = PBXGroup;
			children = (
				A99F48741A1C63CE00555323 /* FacebookSDK.framework */,
				A99F48751A1C63CE00555323 /* GoogleOpenSource.framework */,
				A99F48761A1C63CE00555323 /* GooglePlus.framework */,
				A99F48771A1C63CE00555323 /* MVFacebookAuthentication */,
				A99F487A1A1C63CE00555323 /* MVGooglePlusAuthentication */,
				A99F487D1A1C63CE00555323 /* MVSocialAuthObject.h */,
				A99F487E1A1C63CE00555323 /* MVSocialAuthObject.m */,
				A99F487F1A1C63CE00555323 /* MVSocialAuthViewController.h */,
				A99F48801A1C63CE00555323 /* MVSocialAuthViewController.m */,
				A99F48811A1C63CE00555323 /* MVTwitterAuthentication */,
			);
			path = MVSocialAuthentiaction;
			sourceTree = "<group>";
		};
		A99F48771A1C63CE00555323 /* MVFacebookAuthentication */ = {
			isa = PBXGroup;
			children = (
				A99F48781A1C63CE00555323 /* MVSocialFacebookAuthentication.h */,
				A99F48791A1C63CE00555323 /* MVSocialFacebookAuthentication.m */,
			);
			path = MVFacebookAuthentication;
			sourceTree = "<group>";
		};
		A99F487A1A1C63CE00555323 /* MVGooglePlusAuthentication */ = {
			isa = PBXGroup;
			children = (
				A99F487B1A1C63CE00555323 /* MVGooglePlusAuthentication.h */,
				A99F487C1A1C63CE00555323 /* MVGooglePlusAuthentication.m */,
			);
			path = MVGooglePlusAuthentication;
			sourceTree = "<group>";
		};
		A99F48811A1C63CE00555323 /* MVTwitterAuthentication */ = {
			isa = PBXGroup;
			children = (
				A99F48821A1C63CE00555323 /* MVTwitterAuthentication.h */,
				A99F48831A1C63CE00555323 /* MVTwitterAuthentication.m */,
			);
			path = MVTwitterAuthentication;
			sourceTree = "<group>";
		};
/* End PBXGroup section */

/* Begin PBXNativeTarget section */
		A99F48491A1C63A200555323 /* AuthenticationDemo */ = {
			isa = PBXNativeTarget;
			buildConfigurationList = A99F486D1A1C63A200555323 /* Build configuration list for PBXNativeTarget "AuthenticationDemo" */;
			buildPhases = (
				A99F48461A1C63A200555323 /* Sources */,
				A99F48471A1C63A200555323 /* Frameworks */,
				A99F48481A1C63A200555323 /* Resources */,
			);
			buildRules = (
			);
			dependencies = (
			);
			name = AuthenticationDemo;
			productName = AuthenticationDemo;
			productReference = A99F484A1A1C63A200555323 /* AuthenticationDemo.app */;
			productType = "com.apple.product-type.application";
		};
		A99F48621A1C63A200555323 /* AuthenticationDemoTests */ = {
			isa = PBXNativeTarget;
			buildConfigurationList = A99F48701A1C63A200555323 /* Build configuration list for PBXNativeTarget "AuthenticationDemoTests" */;
			buildPhases = (
				A99F485F1A1C63A200555323 /* Sources */,
				A99F48601A1C63A200555323 /* Frameworks */,
				A99F48611A1C63A200555323 /* Resources */,
			);
			buildRules = (
			);
			dependencies = (
				A99F48651A1C63A200555323 /* PBXTargetDependency */,
			);
			name = AuthenticationDemoTests;
			productName = AuthenticationDemoTests;
			productReference = A99F48631A1C63A200555323 /* AuthenticationDemoTests.xctest */;
			productType = "com.apple.product-type.bundle.unit-test";
		};
/* End PBXNativeTarget section */

/* Begin PBXProject section */
		A99F48421A1C63A200555323 /* Project object */ = {
			isa = PBXProject;
			attributes = {
				LastUpgradeCheck = 0610;
				ORGANIZATIONNAME = indianic;
				TargetAttributes = {
					A99F48491A1C63A200555323 = {
						CreatedOnToolsVersion = 6.1;
					};
					A99F48621A1C63A200555323 = {
						CreatedOnToolsVersion = 6.1;
						TestTargetID = A99F48491A1C63A200555323;
					};
				};
			};
			buildConfigurationList = A99F48451A1C63A200555323 /* Build configuration list for PBXProject "AuthenticationDemo" */;
			compatibilityVersion = "Xcode 3.2";
			developmentRegion = English;
			hasScannedForEncodings = 0;
			knownRegions = (
				en,
				Base,
			);
			mainGroup = A99F48411A1C63A200555323;
			productRefGroup = A99F484B1A1C63A200555323 /* Products */;
			projectDirPath = "";
			projectRoot = "";
			targets = (
				A99F48491A1C63A200555323 /* AuthenticationDemo */,
				A99F48621A1C63A200555323 /* AuthenticationDemoTests */,
			);
		};
/* End PBXProject section */

/* Begin PBXResourcesBuildPhase section */
		A99F48481A1C63A200555323 /* Resources */ = {
			isa = PBXResourcesBuildPhase;
			buildActionMask = 2147483647;
			files = (
				A99F48591A1C63A200555323 /* Main.storyboard in Resources */,
				A99F485E1A1C63A200555323 /* LaunchScreen.xib in Resources */,
				A99F485B1A1C63A200555323 /* Images.xcassets in Resources */,
			);
			runOnlyForDeploymentPostprocessing = 0;
		};
		A99F48611A1C63A200555323 /* Resources */ = {
			isa = PBXResourcesBuildPhase;
			buildActionMask = 2147483647;
			files = (
			);
			runOnlyForDeploymentPostprocessing = 0;
		};
/* End PBXResourcesBuildPhase section */

/* Begin PBXSourcesBuildPhase section */
		A99F48461A1C63A200555323 /* Sources */ = {
			isa = PBXSourcesBuildPhase;
			buildActionMask = 2147483647;
			files = (
				A99F48561A1C63A200555323 /* ViewController.m in Sources */,
				A99F488A1A1C63CE00555323 /* MVSocialAuthViewController.m in Sources */,
				A99F488B1A1C63CE00555323 /* MVTwitterAuthentication.m in Sources */,
				A99F48881A1C63CE00555323 /* MVGooglePlusAuthentication.m in Sources */,
				A99F48531A1C63A200555323 /* AppDelegate.m in Sources */,
				A99F48871A1C63CE00555323 /* MVSocialFacebookAuthentication.m in Sources */,
				A99F48891A1C63CE00555323 /* MVSocialAuthObject.m in Sources */,
				A99F48501A1C63A200555323 /* main.m in Sources */,
			);
			runOnlyForDeploymentPostprocessing = 0;
		};
		A99F485F1A1C63A200555323 /* Sources */ = {
			isa = PBXSourcesBuildPhase;
			buildActionMask = 2147483647;
			files = (
				A99F486A1A1C63A200555323 /* AuthenticationDemoTests.m in Sources */,
			);
			runOnlyForDeploymentPostprocessing = 0;
		};
/* End PBXSourcesBuildPhase section */

/* Begin PBXTargetDependency section */
		A99F48651A1C63A200555323 /* PBXTargetDependency */ = {
			isa = PBXTargetDependency;
			target = A99F48491A1C63A200555323 /* AuthenticationDemo */;
			targetProxy = A99F48641A1C63A200555323 /* PBXContainerItemProxy */;
		};
/* End PBXTargetDependency section */

/* Begin PBXVariantGroup section */
		A99F48571A1C63A200555323 /* Main.storyboard */ = {
			isa = PBXVariantGroup;
			children = (
				A99F48581A1C63A200555323 /* Base */,
			);
			name = Main.storyboard;
			sourceTree = "<group>";
		};
		A99F485C1A1C63A200555323 /* LaunchScreen.xib */ = {
			isa = PBXVariantGroup;
			children = (
				A99F485D1A1C63A200555323 /* Base */,
			);
			name = LaunchScreen.xib;
			sourceTree = "<group>";
		};
/* End PBXVariantGroup section */

/* Begin XCBuildConfiguration section */
		A99F486B1A1C63A200555323 /* Debug */ = {
			isa = XCBuildConfiguration;
			buildSettings = {
				ALWAYS_SEARCH_USER_PATHS = NO;
				CLANG_CXX_LANGUAGE_STANDARD = "gnu++0x";
				CLANG_CXX_LIBRARY = "libc++";
				CLANG_ENABLE_MODULES = YES;
				CLANG_ENABLE_OBJC_ARC = YES;
				CLANG_WARN_BOOL_CONVERSION = YES;
				CLANG_WARN_CONSTANT_CONVERSION = YES;
				CLANG_WARN_DIRECT_OBJC_ISA_USAGE = YES_ERROR;
				CLANG_WARN_EMPTY_BODY = YES;
				CLANG_WARN_ENUM_CONVERSION = YES;
				CLANG_WARN_INT_CONVERSION = YES;
				CLANG_WARN_OBJC_ROOT_CLASS = YES_ERROR;
				CLANG_WARN_UNREACHABLE_CODE = YES;
				CLANG_WARN__DUPLICATE_METHOD_MATCH = YES;
				"CODE_SIGN_IDENTITY[sdk=iphoneos*]" = "iPhone Developer";
				COPY_PHASE_STRIP = NO;
				ENABLE_STRICT_OBJC_MSGSEND = YES;
				GCC_C_LANGUAGE_STANDARD = gnu99;
				GCC_DYNAMIC_NO_PIC = NO;
				GCC_OPTIMIZATION_LEVEL = 0;
				GCC_PREPROCESSOR_DEFINITIONS = (
					"DEBUG=1",
					"$(inherited)",
				);
				GCC_SYMBOLS_PRIVATE_EXTERN = NO;
				GCC_WARN_64_TO_32_BIT_CONVERSION = YES;
				GCC_WARN_ABOUT_RETURN_TYPE = YES_ERROR;
				GCC_WARN_UNDECLARED_SELECTOR = YES;
				GCC_WARN_UNINITIALIZED_AUTOS = YES_AGGRESSIVE;
				GCC_WARN_UNUSED_FUNCTION = YES;
				GCC_WARN_UNUSED_VARIABLE = YES;
				IPHONEOS_DEPLOYMENT_TARGET = 8.1;
				MTL_ENABLE_DEBUG_INFO = YES;
				ONLY_ACTIVE_ARCH = YES;
				SDKROOT = iphoneos;
			};
			name = Debug;
		};
		A99F486C1A1C63A200555323 /* Release */ = {
			isa = XCBuildConfiguration;
			buildSettings = {
				ALWAYS_SEARCH_USER_PATHS = NO;
				CLANG_CXX_LANGUAGE_STANDARD = "gnu++0x";
				CLANG_CXX_LIBRARY = "libc++";
				CLANG_ENABLE_MODULES = YES;
				CLANG_ENABLE_OBJC_ARC = YES;
				CLANG_WARN_BOOL_CONVERSION = YES;
				CLANG_WARN_CONSTANT_CONVERSION = YES;
				CLANG_WARN_DIRECT_OBJC_ISA_USAGE = YES_ERROR;
				CLANG_WARN_EMPTY_BODY = YES;
				CLANG_WARN_ENUM_CONVERSION = YES;
				CLANG_WARN_INT_CONVERSION = YES;
				CLANG_WARN_OBJC_ROOT_CLASS = YES_ERROR;
				CLANG_WARN_UNREACHABLE_CODE = YES;
				CLANG_WARN__DUPLICATE_METHOD_MATCH = YES;
				"CODE_SIGN_IDENTITY[sdk=iphoneos*]" = "iPhone Developer";
				COPY_PHASE_STRIP = YES;
				ENABLE_NS_ASSERTIONS = NO;
				ENABLE_STRICT_OBJC_MSGSEND = YES;
				GCC_C_LANGUAGE_STANDARD = gnu99;
				GCC_WARN_64_TO_32_BIT_CONVERSION = YES;
				GCC_WARN_ABOUT_RETURN_TYPE = YES_ERROR;
				GCC_WARN_UNDECLARED_SELECTOR = YES;
				GCC_WARN_UNINITIALIZED_AUTOS = YES_AGGRESSIVE;
				GCC_WARN_UNUSED_FUNCTION = YES;
				GCC_WARN_UNUSED_VARIABLE = YES;
				IPHONEOS_DEPLOYMENT_TARGET = 8.1;
				MTL_ENABLE_DEBUG_INFO = NO;
				SDKROOT = iphoneos;
				VALIDATE_PRODUCT = YES;
			};
			name = Release;
		};
		A99F486E1A1C63A200555323 /* Debug */ = {
			isa = XCBuildConfiguration;
			buildSettings = {
				ASSETCATALOG_COMPILER_APPICON_NAME = AppIcon;
				FRAMEWORK_SEARCH_PATHS = (
					"$(inherited)",
					"$(PROJECT_DIR)/AuthenticationDemo/MVSocialAuthentiaction",
				);
				INFOPLIST_FILE = AuthenticationDemo/Info.plist;
				LD_RUNPATH_SEARCH_PATHS = "$(inherited) @executable_path/Frameworks";
				PRODUCT_NAME = "$(TARGET_NAME)";
			};
			name = Debug;
		};
		A99F486F1A1C63A200555323 /* Release */ = {
			isa = XCBuildConfiguration;
			buildSettings = {
				ASSETCATALOG_COMPILER_APPICON_NAME = AppIcon;
				FRAMEWORK_SEARCH_PATHS = (
					"$(inherited)",
					"$(PROJECT_DIR)/AuthenticationDemo/MVSocialAuthentiaction",
				);
				INFOPLIST_FILE = AuthenticationDemo/Info.plist;
				LD_RUNPATH_SEARCH_PATHS = "$(inherited) @executable_path/Frameworks";
				PRODUCT_NAME = "$(TARGET_NAME)";
			};
			name = Release;
		};
		A99F48711A1C63A200555323 /* Debug */ = {
			isa = XCBuildConfiguration;
			buildSettings = {
				BUNDLE_LOADER = "$(TEST_HOST)";
				FRAMEWORK_SEARCH_PATHS = (
					"$(SDKROOT)/Developer/Library/Frameworks",
					"$(inherited)",
				);
				GCC_PREPROCESSOR_DEFINITIONS = (
					"DEBUG=1",
					"$(inherited)",
				);
				INFOPLIST_FILE = AuthenticationDemoTests/Info.plist;
				LD_RUNPATH_SEARCH_PATHS = "$(inherited) @executable_path/Frameworks @loader_path/Frameworks";
				PRODUCT_NAME = "$(TARGET_NAME)";
				TEST_HOST = "$(BUILT_PRODUCTS_DIR)/AuthenticationDemo.app/AuthenticationDemo";
			};
			name = Debug;
		};
		A99F48721A1C63A200555323 /* Release */ = {
			isa = XCBuildConfiguration;
			buildSettings = {
				BUNDLE_LOADER = "$(TEST_HOST)";
				FRAMEWORK_SEARCH_PATHS = (
					"$(SDKROOT)/Developer/Library/Frameworks",
					"$(inherited)",
				);
				INFOPLIST_FILE = AuthenticationDemoTests/Info.plist;
				LD_RUNPATH_SEARCH_PATHS = "$(inherited) @executable_path/Frameworks @loader_path/Frameworks";
				PRODUCT_NAME = "$(TARGET_NAME)";
				TEST_HOST = "$(BUILT_PRODUCTS_DIR)/AuthenticationDemo.app/AuthenticationDemo";
			};
			name = Release;
		};
/* End XCBuildConfiguration section */

/* Begin XCConfigurationList section */
		A99F48451A1C63A200555323 /* Build configuration list for PBXProject "AuthenticationDemo" */ = {
			isa = XCConfigurationList;
			buildConfigurations = (
				A99F486B1A1C63A200555323 /* Debug */,
				A99F486C1A1C63A200555323 /* Release */,
			);
			defaultConfigurationIsVisible = 0;
			defaultConfigurationName = Release;
		};
		A99F486D1A1C63A200555323 /* Build configuration list for PBXNativeTarget "AuthenticationDemo" */ = {
			isa = XCConfigurationList;
			buildConfigurations = (
				A99F486E1A1C63A200555323 /* Debug */,
				A99F486F1A1C63A200555323 /* Release */,
			);
			defaultConfigurationIsVisible = 0;
		};
		A99F48701A1C63A200555323 /* Build configuration list for PBXNativeTarget "AuthenticationDemoTests" */ = {
			isa = XCConfigurationList;
			buildConfigurations = (
				A99F48711A1C63A200555323 /* Debug */,
				A99F48721A1C63A200555323 /* Release */,
			);
			defaultConfigurationIsVisible = 0;
		};
/* End XCConfigurationList section */
	};
	rootObject = A99F48421A1C63A200555323 /* Project object */;
}
